
Microsoft Visual Studio Solution File, Format Version 12.00
# Visual Studio Version 17
VisualStudioVersion = 17.9.34607.119
MinimumVisualStudioVersion = 10.0.40219.1
Project("{FAE04EC0-301F-11D3-BF4B-00C04F79EFBC}") = "WebApplication6", "WebApplication6.csproj", "{F38F656E-C9EA-46D6-90B4-0C73E95ADCEA}"
EndProject
Global
	GlobalSection(SolutionConfigurationPlatforms) = preSolution
		Debug|Any CPU = Debug|Any CPU
		Release|Any CPU = Release|Any CPU
	EndGlobalSection
	GlobalSection(ProjectConfigurationPlatforms) = postSolution
		{F38F656E-C9EA-46D6-90B4-0C73E95ADCEA}.Debug|Any CPU.ActiveCfg = Debug|Any CPU
		{F38F656E-C9EA-46D6-90B4-0C73E95ADCEA}.Debug|Any CPU.Build.0 = Debug|Any CPU
		{F38F656E-C9EA-46D6-90B4-0C73E95ADCEA}.Release|Any CPU.ActiveCfg = Release|Any CPU
		{F38F656E-C9EA-46D6-90B4-0C73E95ADCEA}.Release|Any CPU.Build.0 = Release|Any CPU
	EndGlobalSection
	GlobalSection(SolutionProperties) = preSolution
		HideSolutionNode = FALSE
	EndGlobalSection
	GlobalSection(ExtensibilityGlobals) = postSolution
		SolutionGuid = {C5FB12C4-F81A-4AB8-A5FC-CA6DF644AE0F}
	EndGlobalSection
EndGlobal
